
Microsoft Visual Studio Solution File, Format Version 12.00
# Visual Studio Version 17
VisualStudioVersion = 17.11.35303.130
MinimumVisualStudioVersion = 10.0.40219.1
Project("{FAE04EC0-301F-11D3-BF4B-00C04F79EFBC}") = "Тест веток", "Тест веток\Тест веток.csproj", "{6EDD5810-6597-4FF2-A971-B4FCACD2CB98}"
EndProject
Global
	GlobalSection(SolutionConfigurationPlatforms) = preSolution
		Debug|Any CPU = Debug|Any CPU
		Release|Any CPU = Release|Any CPU
	EndGlobalSection
	GlobalSection(ProjectConfigurationPlatforms) = postSolution
		{6EDD5810-6597-4FF2-A971-B4FCACD2CB98}.Debug|Any CPU.ActiveCfg = Debug|Any CPU
		{6EDD5810-6597-4FF2-A971-B4FCACD2CB98}.Debug|Any CPU.Build.0 = Debug|Any CPU
		{6EDD5810-6597-4FF2-A971-B4FCACD2CB98}.Release|Any CPU.ActiveCfg = Release|Any CPU
		{6EDD5810-6597-4FF2-A971-B4FCACD2CB98}.Release|Any CPU.Build.0 = Release|Any CPU
	EndGlobalSection
	GlobalSection(SolutionProperties) = preSolution
		HideSolutionNode = FALSE
	EndGlobalSection
	GlobalSection(ExtensibilityGlobals) = postSolution
		SolutionGuid = {A3FAA6D9-8D7D-4409-ADD2-9B08DE663B5F}
	EndGlobalSection
EndGlobal
