
Microsoft Visual Studio Solution File, Format Version 12.00
# Visual Studio Version 17
VisualStudioVersion = 17.11.35303.130
MinimumVisualStudioVersion = 10.0.40219.1
Project("{FAE04EC0-301F-11D3-BF4B-00C04F79EFBC}") = "Тест задание", "Тест задание\Тест задание.csproj", "{78D32BAB-3972-48C5-B38D-63EF4C1BDD35}"
EndProject
Global
	GlobalSection(SolutionConfigurationPlatforms) = preSolution
		Debug|Any CPU = Debug|Any CPU
		Release|Any CPU = Release|Any CPU
	EndGlobalSection
	GlobalSection(ProjectConfigurationPlatforms) = postSolution
		{78D32BAB-3972-48C5-B38D-63EF4C1BDD35}.Debug|Any CPU.ActiveCfg = Debug|Any CPU
		{78D32BAB-3972-48C5-B38D-63EF4C1BDD35}.Debug|Any CPU.Build.0 = Debug|Any CPU
		{78D32BAB-3972-48C5-B38D-63EF4C1BDD35}.Release|Any CPU.ActiveCfg = Release|Any CPU
		{78D32BAB-3972-48C5-B38D-63EF4C1BDD35}.Release|Any CPU.Build.0 = Release|Any CPU
	EndGlobalSection
	GlobalSection(SolutionProperties) = preSolution
		HideSolutionNode = FALSE
	EndGlobalSection
	GlobalSection(ExtensibilityGlobals) = postSolution
		SolutionGuid = {F9322469-B05B-44FD-A5CF-794CBF32A46F}
	EndGlobalSection
EndGlobal
